
Microsoft Visual Studio Solution File, Format Version 12.00
# Visual Studio 2013
VisualStudioVersion = 12.0.40629.0
MinimumVisualStudioVersion = 10.0.40219.1
Project("{8BC9CEB8-8B4A-11D0-8D11-00A0C91BC942}") = "Test1", "Test1\Test1.vcxproj", "{EFA7AF7B-B22D-473A-8630-C970A93D754F}"
EndProject
Global
	GlobalSection(SolutionConfigurationPlatforms) = preSolution
		Debug|Win32 = Debug|Win32
		Release|Win32 = Release|Win32
	EndGlobalSection
	GlobalSection(ProjectConfigurationPlatforms) = postSolution
		{EFA7AF7B-B22D-473A-8630-C970A93D754F}.Debug|Win32.ActiveCfg = Debug|Win32
		{EFA7AF7B-B22D-473A-8630-C970A93D754F}.Debug|Win32.Build.0 = Debug|Win32
		{EFA7AF7B-B22D-473A-8630-C970A93D754F}.Release|Win32.ActiveCfg = Release|Win32
		{EFA7AF7B-B22D-473A-8630-C970A93D754F}.Release|Win32.Build.0 = Release|Win32
	EndGlobalSection
	GlobalSection(SolutionProperties) = preSolution
		HideSolutionNode = FALSE
	EndGlobalSection
EndGlobal
